// !$*UTF8*$!
{
	archiveVersion = 1;
	classes = {
	};
	objectVersion = 50;
	objects = {

/* Begin PBXBuildFile section */
		A5257DBE261AE19900CCF021 /* main.cpp in Sources */ = {isa = PBXBuildFile; fileRef = A5257DBD261AE19900CCF021 /* main.cpp */; };
		A5257DC8261AE24000CCF021 /* 15552.cpp in Sources */ = {isa = PBXBuildFile; fileRef = A5257DB4261AE09700CCF021 /* 15552.cpp */; };
		A5257DC9261AE24000CCF021 /* test.cpp in Sources */ = {isa = PBXBuildFile; fileRef = A5257DAE261AD39600CCF021 /* test.cpp */; };
		A5257DD2261AE68C00CCF021 /* 1110.cpp in Sources */ = {isa = PBXBuildFile; fileRef = A5257DD1261AE68C00CCF021 /* 1110.cpp */; };
		A5257DD6261AE75F00CCF021 /* 11022.cpp in Sources */ = {isa = PBXBuildFile; fileRef = A5257DD5261AE75F00CCF021 /* 11022.cpp */; };
		A5257DDA261AEE2D00CCF021 /* 4344.cpp in Sources */ = {isa = PBXBuildFile; fileRef = A5257DD9261AEE2D00CCF021 /* 4344.cpp */; };
		A5257DDE261B199A00CCF021 /* 2577.cpp in Sources */ = {isa = PBXBuildFile; fileRef = A5257DDD261B199A00CCF021 /* 2577.cpp */; };
		A52E85F52615FC1500AB2907 /* main.cpp in Sources */ = {isa = PBXBuildFile; fileRef = A52E85F42615FC1500AB2907 /* main.cpp */; };
		A557510D261B212B002CBFF7 /* 1712.cpp in Sources */ = {isa = PBXBuildFile; fileRef = A557510C261B212B002CBFF7 /* 1712.cpp */; };
		A5575111261B4863002CBFF7 /* 1546.cpp in Sources */ = {isa = PBXBuildFile; fileRef = A5575110261B4863002CBFF7 /* 1546.cpp */; };
/* End PBXBuildFile section */

/* Begin PBXCopyFilesBuildPhase section */
		A5257DB9261AE19900CCF021 /* CopyFiles */ = {
			isa = PBXCopyFilesBuildPhase;
			buildActionMask = 2147483647;
			dstPath = /usr/share/man/man1/;
			dstSubfolderSpec = 0;
			files = (
			);
			runOnlyForDeploymentPostprocessing = 1;
		};
		A52E85EF2615FC1500AB2907 /* CopyFiles */ = {
			isa = PBXCopyFilesBuildPhase;
			buildActionMask = 2147483647;
			dstPath = /usr/share/man/man1/;
			dstSubfolderSpec = 0;
			files = (
			);
			runOnlyForDeploymentPostprocessing = 1;
		};
/* End PBXCopyFilesBuildPhase section */

/* Begin PBXFileReference section */
		A5257DAE261AD39600CCF021 /* test.cpp */ = {isa = PBXFileReference; lastKnownFileType = sourcecode.cpp.cpp; path = test.cpp; sourceTree = "<group>"; };
		A5257DB4261AE09700CCF021 /* 15552.cpp */ = {isa = PBXFileReference; lastKnownFileType = sourcecode.cpp.cpp; path = 15552.cpp; sourceTree = "<group>"; };
		A5257DBB261AE19900CCF021 /* Temp_Main */ = {isa = PBXFileReference; explicitFileType = "compiled.mach-o.executable"; includeInIndex = 0; path = Temp_Main; sourceTree = BUILT_PRODUCTS_DIR; };
		A5257DBD261AE19900CCF021 /* main.cpp */ = {isa = PBXFileReference; lastKnownFileType = sourcecode.cpp.cpp; path = main.cpp; sourceTree = "<group>"; };
		A5257DD1261AE68C00CCF021 /* 1110.cpp */ = {isa = PBXFileReference; lastKnownFileType = sourcecode.cpp.cpp; path = 1110.cpp; sourceTree = "<group>"; };
		A5257DD5261AE75F00CCF021 /* 11022.cpp */ = {isa = PBXFileReference; lastKnownFileType = sourcecode.cpp.cpp; path = 11022.cpp; sourceTree = "<group>"; };
		A5257DD9261AEE2D00CCF021 /* 4344.cpp */ = {isa = PBXFileReference; lastKnownFileType = sourcecode.cpp.cpp; path = 4344.cpp; sourceTree = "<group>"; };
		A5257DDD261B199A00CCF021 /* 2577.cpp */ = {isa = PBXFileReference; lastKnownFileType = sourcecode.cpp.cpp; path = 2577.cpp; sourceTree = "<group>"; };
		A52E85F12615FC1500AB2907 /* Xcode_First */ = {isa = PBXFileReference; explicitFileType = "compiled.mach-o.executable"; includeInIndex = 0; path = Xcode_First; sourceTree = BUILT_PRODUCTS_DIR; };
		A52E85F42615FC1500AB2907 /* main.cpp */ = {isa = PBXFileReference; lastKnownFileType = sourcecode.cpp.cpp; path = main.cpp; sourceTree = "<group>"; };
		A557510C261B212B002CBFF7 /* 1712.cpp */ = {isa = PBXFileReference; lastKnownFileType = sourcecode.cpp.cpp; path = 1712.cpp; sourceTree = "<group>"; };
		A5575110261B4863002CBFF7 /* 1546.cpp */ = {isa = PBXFileReference; lastKnownFileType = sourcecode.cpp.cpp; path = 1546.cpp; sourceTree = "<group>"; };
/* End PBXFileReference section */

/* Begin PBXFrameworksBuildPhase section */
		A5257DB8261AE19900CCF021 /* Frameworks */ = {
			isa = PBXFrameworksBuildPhase;
			buildActionMask = 2147483647;
			files = (
			);
			runOnlyForDeploymentPostprocessing = 0;
		};
		A52E85EE2615FC1500AB2907 /* Frameworks */ = {
			isa = PBXFrameworksBuildPhase;
			buildActionMask = 2147483647;
			files = (
			);
			runOnlyForDeploymentPostprocessing = 0;
		};
/* End PBXFrameworksBuildPhase section */

/* Begin PBXGroup section */
		A5257DBC261AE19900CCF021 /* Temp_Main */ = {
			isa = PBXGroup;
			children = (
				A5257DBD261AE19900CCF021 /* main.cpp */,
			);
			path = Temp_Main;
			sourceTree = "<group>";
		};
		A5257DCC261AE29900CCF021 /* C++ */ = {
			isa = PBXGroup;
			children = (
				A5257DAE261AD39600CCF021 /* test.cpp */,
			);
			path = "C++";
			sourceTree = "<group>";
		};
		A5257DCE261AE2A700CCF021 /* BAEKJOON */ = {
			isa = PBXGroup;
			children = (
				A5257DB4261AE09700CCF021 /* 15552.cpp */,
				A5257DD1261AE68C00CCF021 /* 1110.cpp */,
				A5257DD5261AE75F00CCF021 /* 11022.cpp */,
				A5257DD9261AEE2D00CCF021 /* 4344.cpp */,
				A5257DDD261B199A00CCF021 /* 2577.cpp */,
				A557510C261B212B002CBFF7 /* 1712.cpp */,
				A5575110261B4863002CBFF7 /* 1546.cpp */,
			);
			path = BAEKJOON;
			sourceTree = "<group>";
		};
		A52E85E82615FC1500AB2907 = {
			isa = PBXGroup;
			children = (
				A5257DBC261AE19900CCF021 /* Temp_Main */,
				A52E85F32615FC1500AB2907 /* Xcode_First */,
				A52E85F22615FC1500AB2907 /* Products */,
			);
			sourceTree = "<group>";
		};
		A52E85F22615FC1500AB2907 /* Products */ = {
			isa = PBXGroup;
			children = (
				A52E85F12615FC1500AB2907 /* Xcode_First */,
				A5257DBB261AE19900CCF021 /* Temp_Main */,
			);
			name = Products;
			sourceTree = "<group>";
		};
		A52E85F32615FC1500AB2907 /* Xcode_First */ = {
			isa = PBXGroup;
			children = (
				A52E85F42615FC1500AB2907 /* main.cpp */,
				A5257DCE261AE2A700CCF021 /* BAEKJOON */,
				A5257DCC261AE29900CCF021 /* C++ */,
			);
			path = Xcode_First;
			sourceTree = "<group>";
		};
/* End PBXGroup section */

/* Begin PBXNativeTarget section */
		A5257DBA261AE19900CCF021 /* Temp_Main */ = {
			isa = PBXNativeTarget;
			buildConfigurationList = A5257DBF261AE19900CCF021 /* Build configuration list for PBXNativeTarget "Temp_Main" */;
			buildPhases = (
				A5257DB7261AE19900CCF021 /* Sources */,
				A5257DB8261AE19900CCF021 /* Frameworks */,
				A5257DB9261AE19900CCF021 /* CopyFiles */,
			);
			buildRules = (
			);
			dependencies = (
			);
			name = Temp_Main;
			productName = Temp_Main;
			productReference = A5257DBB261AE19900CCF021 /* Temp_Main */;
			productType = "com.apple.product-type.tool";
		};
		A52E85F02615FC1500AB2907 /* Xcode_First */ = {
			isa = PBXNativeTarget;
			buildConfigurationList = A52E85F82615FC1500AB2907 /* Build configuration list for PBXNativeTarget "Xcode_First" */;
			buildPhases = (
				A52E85ED2615FC1500AB2907 /* Sources */,
				A52E85EE2615FC1500AB2907 /* Frameworks */,
				A52E85EF2615FC1500AB2907 /* CopyFiles */,
			);
			buildRules = (
			);
			dependencies = (
			);
			name = Xcode_First;
			productName = Xcode_First;
			productReference = A52E85F12615FC1500AB2907 /* Xcode_First */;
			productType = "com.apple.product-type.tool";
		};
/* End PBXNativeTarget section */

/* Begin PBXProject section */
		A52E85E92615FC1500AB2907 /* Project object */ = {
			isa = PBXProject;
			attributes = {
				LastUpgradeCheck = 1240;
				TargetAttributes = {
					A5257DBA261AE19900CCF021 = {
						CreatedOnToolsVersion = 12.4;
					};
					A52E85F02615FC1500AB2907 = {
						CreatedOnToolsVersion = 12.4;
					};
				};
			};
			buildConfigurationList = A52E85EC2615FC1500AB2907 /* Build configuration list for PBXProject "Xcode_First" */;
			compatibilityVersion = "Xcode 9.3";
			developmentRegion = en;
			hasScannedForEncodings = 0;
			knownRegions = (
				en,
				Base,
			);
			mainGroup = A52E85E82615FC1500AB2907;
			productRefGroup = A52E85F22615FC1500AB2907 /* Products */;
			projectDirPath = "";
			projectRoot = "";
			targets = (
				A52E85F02615FC1500AB2907 /* Xcode_First */,
				A5257DBA261AE19900CCF021 /* Temp_Main */,
			);
		};
/* End PBXProject section */

/* Begin PBXSourcesBuildPhase section */
		A5257DB7261AE19900CCF021 /* Sources */ = {
			isa = PBXSourcesBuildPhase;
			buildActionMask = 2147483647;
			files = (
				A5257DBE261AE19900CCF021 /* main.cpp in Sources */,
			);
			runOnlyForDeploymentPostprocessing = 0;
		};
		A52E85ED2615FC1500AB2907 /* Sources */ = {
			isa = PBXSourcesBuildPhase;
			buildActionMask = 2147483647;
			files = (
				A5575111261B4863002CBFF7 /* 1546.cpp in Sources */,
				A5257DDA261AEE2D00CCF021 /* 4344.cpp in Sources */,
				A5257DD6261AE75F00CCF021 /* 11022.cpp in Sources */,
				A5257DD2261AE68C00CCF021 /* 1110.cpp in Sources */,
				A5257DC8261AE24000CCF021 /* 15552.cpp in Sources */,
				A557510D261B212B002CBFF7 /* 1712.cpp in Sources */,
				A52E85F52615FC1500AB2907 /* main.cpp in Sources */,
				A5257DDE261B199A00CCF021 /* 2577.cpp in Sources */,
				A5257DC9261AE24000CCF021 /* test.cpp in Sources */,
			);
			runOnlyForDeploymentPostprocessing = 0;
		};
/* End PBXSourcesBuildPhase section */

/* Begin XCBuildConfiguration section */
		A5257DC0261AE19900CCF021 /* Debug */ = {
			isa = XCBuildConfiguration;
			buildSettings = {
				CODE_SIGN_STYLE = Automatic;
				DEVELOPMENT_TEAM = D73P27WJ9D;
				ENABLE_HARDENED_RUNTIME = YES;
				PRODUCT_NAME = "$(TARGET_NAME)";
			};
			name = Debug;
		};
		A5257DC1261AE19900CCF021 /* Release */ = {
			isa = XCBuildConfiguration;
			buildSettings = {
				CODE_SIGN_STYLE = Automatic;
				DEVELOPMENT_TEAM = D73P27WJ9D;
				ENABLE_HARDENED_RUNTIME = YES;
				PRODUCT_NAME = "$(TARGET_NAME)";
			};
			name = Release;
		};
		A52E85F62615FC1500AB2907 /* Debug */ = {
			isa = XCBuildConfiguration;
			buildSettings = {
				ALWAYS_SEARCH_USER_PATHS = NO;
				CLANG_ANALYZER_NONNULL = YES;
				CLANG_ANALYZER_NUMBER_OBJECT_CONVERSION = YES_AGGRESSIVE;
				CLANG_CXX_LANGUAGE_STANDARD = "gnu++14";
				CLANG_CXX_LIBRARY = "libc++";
				CLANG_ENABLE_MODULES = YES;
				CLANG_ENABLE_OBJC_ARC = YES;
				CLANG_ENABLE_OBJC_WEAK = YES;
				CLANG_WARN_BLOCK_CAPTURE_AUTORELEASING = YES;
				CLANG_WARN_BOOL_CONVERSION = YES;
				CLANG_WARN_COMMA = YES;
				CLANG_WARN_CONSTANT_CONVERSION = YES;
				CLANG_WARN_DEPRECATED_OBJC_IMPLEMENTATIONS = YES;
				CLANG_WARN_DIRECT_OBJC_ISA_USAGE = YES_ERROR;
				CLANG_WARN_DOCUMENTATION_COMMENTS = YES;
				CLANG_WARN_EMPTY_BODY = YES;
				CLANG_WARN_ENUM_CONVERSION = YES;
				CLANG_WARN_INFINITE_RECURSION = YES;
				CLANG_WARN_INT_CONVERSION = YES;
				CLANG_WARN_NON_LITERAL_NULL_CONVERSION = YES;
				CLANG_WARN_OBJC_IMPLICIT_RETAIN_SELF = YES;
				CLANG_WARN_OBJC_LITERAL_CONVERSION = YES;
				CLANG_WARN_OBJC_ROOT_CLASS = YES_ERROR;
				CLANG_WARN_QUOTED_INCLUDE_IN_FRAMEWORK_HEADER = YES;
				CLANG_WARN_RANGE_LOOP_ANALYSIS = YES;
				CLANG_WARN_STRICT_PROTOTYPES = YES;
				CLANG_WARN_SUSPICIOUS_MOVE = YES;
				CLANG_WARN_UNGUARDED_AVAILABILITY = YES_AGGRESSIVE;
				CLANG_WARN_UNREACHABLE_CODE = YES;
				CLANG_WARN__DUPLICATE_METHOD_MATCH = YES;
				COPY_PHASE_STRIP = NO;
				DEBUG_INFORMATION_FORMAT = dwarf;
				ENABLE_STRICT_OBJC_MSGSEND = YES;
				ENABLE_TESTABILITY = YES;
				GCC_C_LANGUAGE_STANDARD = gnu11;
				GCC_DYNAMIC_NO_PIC = NO;
				GCC_NO_COMMON_BLOCKS = YES;
				GCC_OPTIMIZATION_LEVEL = 0;
				GCC_PREPROCESSOR_DEFINITIONS = (
					"DEBUG=1",
					"$(inherited)",
				);
				GCC_WARN_64_TO_32_BIT_CONVERSION = YES;
				GCC_WARN_ABOUT_RETURN_TYPE = YES_ERROR;
				GCC_WARN_UNDECLARED_SELECTOR = YES;
				GCC_WARN_UNINITIALIZED_AUTOS = YES_AGGRESSIVE;
				GCC_WARN_UNUSED_FUNCTION = YES;
				GCC_WARN_UNUSED_VARIABLE = YES;
				MACOSX_DEPLOYMENT_TARGET = 11.1;
				MTL_ENABLE_DEBUG_INFO = INCLUDE_SOURCE;
				MTL_FAST_MATH = YES;
				ONLY_ACTIVE_ARCH = YES;
				SDKROOT = macosx;
			};
			name = Debug;
		};
		A52E85F72615FC1500AB2907 /* Release */ = {
			isa = XCBuildConfiguration;
			buildSettings = {
				ALWAYS_SEARCH_USER_PATHS = NO;
				CLANG_ANALYZER_NONNULL = YES;
				CLANG_ANALYZER_NUMBER_OBJECT_CONVERSION = YES_AGGRESSIVE;
				CLANG_CXX_LANGUAGE_STANDARD = "gnu++14";
				CLANG_CXX_LIBRARY = "libc++";
				CLANG_ENABLE_MODULES = YES;
				CLANG_ENABLE_OBJC_ARC = YES;
				CLANG_ENABLE_OBJC_WEAK = YES;
				CLANG_WARN_BLOCK_CAPTURE_AUTORELEASING = YES;
				CLANG_WARN_BOOL_CONVERSION = YES;
				CLANG_WARN_COMMA = YES;
				CLANG_WARN_CONSTANT_CONVERSION = YES;
				CLANG_WARN_DEPRECATED_OBJC_IMPLEMENTATIONS = YES;
				CLANG_WARN_DIRECT_OBJC_ISA_USAGE = YES_ERROR;
				CLANG_WARN_DOCUMENTATION_COMMENTS = YES;
				CLANG_WARN_EMPTY_BODY = YES;
				CLANG_WARN_ENUM_CONVERSION = YES;
				CLANG_WARN_INFINITE_RECURSION = YES;
				CLANG_WARN_INT_CONVERSION = YES;
				CLANG_WARN_NON_LITERAL_NULL_CONVERSION = YES;
				CLANG_WARN_OBJC_IMPLICIT_RETAIN_SELF = YES;
				CLANG_WARN_OBJC_LITERAL_CONVERSION = YES;
				CLANG_WARN_OBJC_ROOT_CLASS = YES_ERROR;
				CLANG_WARN_QUOTED_INCLUDE_IN_FRAMEWORK_HEADER = YES;
				CLANG_WARN_RANGE_LOOP_ANALYSIS = YES;
				CLANG_WARN_STRICT_PROTOTYPES = YES;
				CLANG_WARN_SUSPICIOUS_MOVE = YES;
				CLANG_WARN_UNGUARDED_AVAILABILITY = YES_AGGRESSIVE;
				CLANG_WARN_UNREACHABLE_CODE = YES;
				CLANG_WARN__DUPLICATE_METHOD_MATCH = YES;
				COPY_PHASE_STRIP = NO;
				DEBUG_INFORMATION_FORMAT = "dwarf-with-dsym";
				ENABLE_NS_ASSERTIONS = NO;
				ENABLE_STRICT_OBJC_MSGSEND = YES;
				GCC_C_LANGUAGE_STANDARD = gnu11;
				GCC_NO_COMMON_BLOCKS = YES;
				GCC_WARN_64_TO_32_BIT_CONVERSION = YES;
				GCC_WARN_ABOUT_RETURN_TYPE = YES_ERROR;
				GCC_WARN_UNDECLARED_SELECTOR = YES;
				GCC_WARN_UNINITIALIZED_AUTOS = YES_AGGRESSIVE;
				GCC_WARN_UNUSED_FUNCTION = YES;
				GCC_WARN_UNUSED_VARIABLE = YES;
				MACOSX_DEPLOYMENT_TARGET = 11.1;
				MTL_ENABLE_DEBUG_INFO = NO;
				MTL_FAST_MATH = YES;
				SDKROOT = macosx;
			};
			name = Release;
		};
		A52E85F92615FC1500AB2907 /* Debug */ = {
			isa = XCBuildConfiguration;
			buildSettings = {
				CODE_SIGN_STYLE = Automatic;
				DEVELOPMENT_TEAM = D73P27WJ9D;
				ENABLE_HARDENED_RUNTIME = YES;
				PRODUCT_NAME = "$(TARGET_NAME)";
			};
			name = Debug;
		};
		A52E85FA2615FC1500AB2907 /* Release */ = {
			isa = XCBuildConfiguration;
			buildSettings = {
				CODE_SIGN_STYLE = Automatic;
				DEVELOPMENT_TEAM = D73P27WJ9D;
				ENABLE_HARDENED_RUNTIME = YES;
				PRODUCT_NAME = "$(TARGET_NAME)";
			};
			name = Release;
		};
/* End XCBuildConfiguration section */

/* Begin XCConfigurationList section */
		A5257DBF261AE19900CCF021 /* Build configuration list for PBXNativeTarget "Temp_Main" */ = {
			isa = XCConfigurationList;
			buildConfigurations = (
				A5257DC0261AE19900CCF021 /* Debug */,
				A5257DC1261AE19900CCF021 /* Release */,
			);
			defaultConfigurationIsVisible = 0;
			defaultConfigurationName = Release;
		};
		A52E85EC2615FC1500AB2907 /* Build configuration list for PBXProject "Xcode_First" */ = {
			isa = XCConfigurationList;
			buildConfigurations = (
				A52E85F62615FC1500AB2907 /* Debug */,
				A52E85F72615FC1500AB2907 /* Release */,
			);
			defaultConfigurationIsVisible = 0;
			defaultConfigurationName = Release;
		};
		A52E85F82615FC1500AB2907 /* Build configuration list for PBXNativeTarget "Xcode_First" */ = {
			isa = XCConfigurationList;
			buildConfigurations = (
				A52E85F92615FC1500AB2907 /* Debug */,
				A52E85FA2615FC1500AB2907 /* Release */,
			);
			defaultConfigurationIsVisible = 0;
			defaultConfigurationName = Release;
		};
/* End XCConfigurationList section */
	};
	rootObject = A52E85E92615FC1500AB2907 /* Project object */;
}
