// !$*UTF8*$!
{
	archiveVersion = 1;
	classes = {
	};
	objectVersion = 50;
	objects = {

/* Begin PBXBuildFile section */
		A50E441F2638152700EE9A09 /* 1929.cpp in Sources */ = {isa = PBXBuildFile; fileRef = A50E441E2638152700EE9A09 /* 1929.cpp */; };
		A50E4423263835E000EE9A09 /* 4948_런타임오류남.cpp in Sources */ = {isa = PBXBuildFile; fileRef = A50E4422263835E000EE9A09 /* 4948_런타임오류남.cpp */; };
		A5134B562620796E00C3867C /* 3052.cpp in Sources */ = {isa = PBXBuildFile; fileRef = A5134B552620796E00C3867C /* 3052.cpp */; };
		A5140149262EE9EF00AFE542 /* 2775_다시.cpp in Sources */ = {isa = PBXBuildFile; fileRef = A5140148262EE9EF00AFE542 /* 2775_다시.cpp */; };
		A518EC4826366160004AFC3E /* 2581.cpp in Sources */ = {isa = PBXBuildFile; fileRef = A518EC4726366160004AFC3E /* 2581.cpp */; };
		A518EC4C26366AE9004AFC3E /* 11653.cpp in Sources */ = {isa = PBXBuildFile; fileRef = A518EC4B26366AE9004AFC3E /* 11653.cpp */; };
		A51E696F26303EB600D8D143 /* 10757.cpp in Sources */ = {isa = PBXBuildFile; fileRef = A51E696E26303EB600D8D143 /* 10757.cpp */; };
		A51E9A43262A7FD600048710 /* 2941.cpp in Sources */ = {isa = PBXBuildFile; fileRef = A51E9A42262A7FD600048710 /* 2941.cpp */; };
		A51E9A47262ACEC600048710 /* 1316.cpp in Sources */ = {isa = PBXBuildFile; fileRef = A51E9A46262ACEC600048710 /* 1316.cpp */; };
		A51E9A4B262AD4A100048710 /* 2292.cpp in Sources */ = {isa = PBXBuildFile; fileRef = A51E9A4A262AD4A100048710 /* 2292.cpp */; };
		A51E9A4F262AE26900048710 /* 1193.cpp in Sources */ = {isa = PBXBuildFile; fileRef = A51E9A4E262AE26900048710 /* 1193.cpp */; };
		A51F5FF626233C8A007A8EC0 /* 11720.cpp in Sources */ = {isa = PBXBuildFile; fileRef = A51F5FF526233C8A007A8EC0 /* 11720.cpp */; };
		A52188D12629AA100091849C /* 2675.cpp in Sources */ = {isa = PBXBuildFile; fileRef = A52188D02629AA100091849C /* 2675.cpp */; };
		A523762B2632EF8D00E4D20A /* 1011.cpp in Sources */ = {isa = PBXBuildFile; fileRef = A523762A2632EF8D00E4D20A /* 1011.cpp */; };
		A523762F2632F55300E4D20A /* 1978.cpp in Sources */ = {isa = PBXBuildFile; fileRef = A523762E2632F55300E4D20A /* 1978.cpp */; };
		A5257DBE261AE19900CCF021 /* main.cpp in Sources */ = {isa = PBXBuildFile; fileRef = A5257DBD261AE19900CCF021 /* main.cpp */; };
		A5257DC8261AE24000CCF021 /* 15552.cpp in Sources */ = {isa = PBXBuildFile; fileRef = A5257DB4261AE09700CCF021 /* 15552.cpp */; };
		A5257DC9261AE24000CCF021 /* test.cpp in Sources */ = {isa = PBXBuildFile; fileRef = A5257DAE261AD39600CCF021 /* test.cpp */; };
		A5257DD2261AE68C00CCF021 /* 1110.cpp in Sources */ = {isa = PBXBuildFile; fileRef = A5257DD1261AE68C00CCF021 /* 1110.cpp */; };
		A5257DD6261AE75F00CCF021 /* 11022.cpp in Sources */ = {isa = PBXBuildFile; fileRef = A5257DD5261AE75F00CCF021 /* 11022.cpp */; };
		A5257DDA261AEE2D00CCF021 /* 4344.cpp in Sources */ = {isa = PBXBuildFile; fileRef = A5257DD9261AEE2D00CCF021 /* 4344.cpp */; };
		A5257DDE261B199A00CCF021 /* 2577.cpp in Sources */ = {isa = PBXBuildFile; fileRef = A5257DDD261B199A00CCF021 /* 2577.cpp */; };
		A52E85F52615FC1500AB2907 /* main.cpp in Sources */ = {isa = PBXBuildFile; fileRef = A52E85F42615FC1500AB2907 /* main.cpp */; };
		A5301DCA262D910200E686A6 /* 10250.cpp in Sources */ = {isa = PBXBuildFile; fileRef = A5301DC9262D910200E686A6 /* 10250.cpp */; };
		A531C80A263C938200B5A05F /* 3053.cpp in Sources */ = {isa = PBXBuildFile; fileRef = A531C809263C938200B5A05F /* 3053.cpp */; };
		A557510D261B212B002CBFF7 /* 1712.cpp in Sources */ = {isa = PBXBuildFile; fileRef = A557510C261B212B002CBFF7 /* 1712.cpp */; };
		A5575111261B4863002CBFF7 /* 1546.cpp in Sources */ = {isa = PBXBuildFile; fileRef = A5575110261B4863002CBFF7 /* 1546.cpp */; };
		A55752F7263F15000082A1BE /* 7568_보고품.cpp in Sources */ = {isa = PBXBuildFile; fileRef = A55752F6263F15000082A1BE /* 7568_보고품.cpp */; };
		A56357852625E8CA0059F297 /* 8958.cpp in Sources */ = {isa = PBXBuildFile; fileRef = A56357842625E8CA0059F297 /* 8958.cpp */; };
		A5694BC4261CE5E50062BA33 /* 2839.cpp in Sources */ = {isa = PBXBuildFile; fileRef = A5694BC3261CE5E50062BA33 /* 2839.cpp */; };
		A573C1FE262398C80066A54E /* 1260.cpp in Sources */ = {isa = PBXBuildFile; fileRef = A573C1FD262398C80066A54E /* 1260.cpp */; };
		A573C20226245C380066A54E /* 1157.cpp in Sources */ = {isa = PBXBuildFile; fileRef = A573C20126245C380066A54E /* 1157.cpp */; };
		A59816CC263AB2390074B581 /* 9020.cpp in Sources */ = {isa = PBXBuildFile; fileRef = A59816CB263AB2390074B581 /* 9020.cpp */; };
		A59816CE263AB64B0074B581 /* 1085.cpp in Sources */ = {isa = PBXBuildFile; fileRef = A59816CD263AB64B0074B581 /* 1085.cpp */; };
		A59816D0263AC80E0074B581 /* 3009.cpp in Sources */ = {isa = PBXBuildFile; fileRef = A59816CF263AC80E0074B581 /* 3009.cpp */; };
		A59816D2263ACFA50074B581 /* 4153.cpp in Sources */ = {isa = PBXBuildFile; fileRef = A59816D1263ACFA50074B581 /* 4153.cpp */; };
		A59BB87A263C9EF2009773B0 /* 10872.cpp in Sources */ = {isa = PBXBuildFile; fileRef = A59BB879263C9EF2009773B0 /* 10872.cpp */; };
		A59BB87C263CA3FC009773B0 /* 10870.cpp in Sources */ = {isa = PBXBuildFile; fileRef = A59BB87B263CA3FC009773B0 /* 10870.cpp */; };
		A59BB87E263CE1F4009773B0 /* 2447.cpp in Sources */ = {isa = PBXBuildFile; fileRef = A59BB87D263CE1F4009773B0 /* 2447.cpp */; };
		A59BB880263D1BE4009773B0 /* 11729_보고품.cpp in Sources */ = {isa = PBXBuildFile; fileRef = A59BB87F263D1BE4009773B0 /* 11729_보고품.cpp */; };
		A59BB882263D1EB1009773B0 /* 2798.cpp in Sources */ = {isa = PBXBuildFile; fileRef = A59BB881263D1EB1009773B0 /* 2798.cpp */; };
		A59BB884263D2A8D009773B0 /* 2231.cpp in Sources */ = {isa = PBXBuildFile; fileRef = A59BB883263D2A8D009773B0 /* 2231.cpp */; };
		A5A1F63A261F1E3400DE1AF8 /* Algorithm.cpp in Sources */ = {isa = PBXBuildFile; fileRef = A5A1F638261F1E3400DE1AF8 /* Algorithm.cpp */; };
		A5A1F644261F267400DE1AF8 /* 2751.cpp in Sources */ = {isa = PBXBuildFile; fileRef = A5A1F643261F267400DE1AF8 /* 2751.cpp */; };
		A5A1F648261F27B700DE1AF8 /* 1152.cpp in Sources */ = {isa = PBXBuildFile; fileRef = A5A1F647261F27B700DE1AF8 /* 1152.cpp */; };
		A5A4A571262C697A00D1B274 /* 2869.cpp in Sources */ = {isa = PBXBuildFile; fileRef = A5A4A570262C697A00D1B274 /* 2869.cpp */; };
		A5C5188326270B78002DBB62 /* 15596.cpp in Sources */ = {isa = PBXBuildFile; fileRef = A5C5188226270B78002DBB62 /* 15596.cpp */; };
		A5C51887262723E8002DBB62 /* 4673_다시.cpp in Sources */ = {isa = PBXBuildFile; fileRef = A5C51886262723E8002DBB62 /* 4673_다시.cpp */; };
		A5CD4814262875C200DDD050 /* 1065.cpp in Sources */ = {isa = PBXBuildFile; fileRef = A5CD4813262875C200DDD050 /* 1065.cpp */; };
		A5CD48182628858000DDD050 /* 10809.cpp in Sources */ = {isa = PBXBuildFile; fileRef = A5CD48172628858000DDD050 /* 10809.cpp */; };
/* End PBXBuildFile section */

/* Begin PBXCopyFilesBuildPhase section */
		A5257DB9261AE19900CCF021 /* CopyFiles */ = {
			isa = PBXCopyFilesBuildPhase;
			buildActionMask = 2147483647;
			dstPath = /usr/share/man/man1/;
			dstSubfolderSpec = 0;
			files = (
			);
			runOnlyForDeploymentPostprocessing = 1;
		};
		A52E85EF2615FC1500AB2907 /* CopyFiles */ = {
			isa = PBXCopyFilesBuildPhase;
			buildActionMask = 2147483647;
			dstPath = /usr/share/man/man1/;
			dstSubfolderSpec = 0;
			files = (
			);
			runOnlyForDeploymentPostprocessing = 1;
		};
/* End PBXCopyFilesBuildPhase section */

/* Begin PBXFileReference section */
		A50E441E2638152700EE9A09 /* 1929.cpp */ = {isa = PBXFileReference; lastKnownFileType = sourcecode.cpp.cpp; path = 1929.cpp; sourceTree = "<group>"; };
		A50E4422263835E000EE9A09 /* 4948_런타임오류남.cpp */ = {isa = PBXFileReference; lastKnownFileType = sourcecode.cpp.cpp; path = "4948_런타임오류남.cpp"; sourceTree = "<group>"; };
		A5134B552620796E00C3867C /* 3052.cpp */ = {isa = PBXFileReference; lastKnownFileType = sourcecode.cpp.cpp; path = 3052.cpp; sourceTree = "<group>"; };
		A5140148262EE9EF00AFE542 /* 2775_다시.cpp */ = {isa = PBXFileReference; lastKnownFileType = sourcecode.cpp.cpp; path = "2775_다시.cpp"; sourceTree = "<group>"; };
		A518EC4726366160004AFC3E /* 2581.cpp */ = {isa = PBXFileReference; lastKnownFileType = sourcecode.cpp.cpp; path = 2581.cpp; sourceTree = "<group>"; };
		A518EC4B26366AE9004AFC3E /* 11653.cpp */ = {isa = PBXFileReference; lastKnownFileType = sourcecode.cpp.cpp; path = 11653.cpp; sourceTree = "<group>"; };
		A51E696E26303EB600D8D143 /* 10757.cpp */ = {isa = PBXFileReference; lastKnownFileType = sourcecode.cpp.cpp; path = 10757.cpp; sourceTree = "<group>"; };
		A51E9A42262A7FD600048710 /* 2941.cpp */ = {isa = PBXFileReference; lastKnownFileType = sourcecode.cpp.cpp; path = 2941.cpp; sourceTree = "<group>"; };
		A51E9A46262ACEC600048710 /* 1316.cpp */ = {isa = PBXFileReference; lastKnownFileType = sourcecode.cpp.cpp; path = 1316.cpp; sourceTree = "<group>"; };
		A51E9A4A262AD4A100048710 /* 2292.cpp */ = {isa = PBXFileReference; lastKnownFileType = sourcecode.cpp.cpp; path = 2292.cpp; sourceTree = "<group>"; };
		A51E9A4E262AE26900048710 /* 1193.cpp */ = {isa = PBXFileReference; lastKnownFileType = sourcecode.cpp.cpp; path = 1193.cpp; sourceTree = "<group>"; };
		A51F5FF526233C8A007A8EC0 /* 11720.cpp */ = {isa = PBXFileReference; lastKnownFileType = sourcecode.cpp.cpp; path = 11720.cpp; sourceTree = "<group>"; };
		A52188D02629AA100091849C /* 2675.cpp */ = {isa = PBXFileReference; lastKnownFileType = sourcecode.cpp.cpp; path = 2675.cpp; sourceTree = "<group>"; };
		A523762A2632EF8D00E4D20A /* 1011.cpp */ = {isa = PBXFileReference; lastKnownFileType = sourcecode.cpp.cpp; path = 1011.cpp; sourceTree = "<group>"; };
		A523762E2632F55300E4D20A /* 1978.cpp */ = {isa = PBXFileReference; lastKnownFileType = sourcecode.cpp.cpp; path = 1978.cpp; sourceTree = "<group>"; };
		A5257DAE261AD39600CCF021 /* test.cpp */ = {isa = PBXFileReference; lastKnownFileType = sourcecode.cpp.cpp; path = test.cpp; sourceTree = "<group>"; };
		A5257DB4261AE09700CCF021 /* 15552.cpp */ = {isa = PBXFileReference; lastKnownFileType = sourcecode.cpp.cpp; path = 15552.cpp; sourceTree = "<group>"; };
		A5257DBB261AE19900CCF021 /* Temp_Main */ = {isa = PBXFileReference; explicitFileType = "compiled.mach-o.executable"; includeInIndex = 0; path = Temp_Main; sourceTree = BUILT_PRODUCTS_DIR; };
		A5257DBD261AE19900CCF021 /* main.cpp */ = {isa = PBXFileReference; lastKnownFileType = sourcecode.cpp.cpp; path = main.cpp; sourceTree = "<group>"; };
		A5257DD1261AE68C00CCF021 /* 1110.cpp */ = {isa = PBXFileReference; lastKnownFileType = sourcecode.cpp.cpp; path = 1110.cpp; sourceTree = "<group>"; };
		A5257DD5261AE75F00CCF021 /* 11022.cpp */ = {isa = PBXFileReference; lastKnownFileType = sourcecode.cpp.cpp; path = 11022.cpp; sourceTree = "<group>"; };
		A5257DD9261AEE2D00CCF021 /* 4344.cpp */ = {isa = PBXFileReference; lastKnownFileType = sourcecode.cpp.cpp; path = 4344.cpp; sourceTree = "<group>"; };
		A5257DDD261B199A00CCF021 /* 2577.cpp */ = {isa = PBXFileReference; lastKnownFileType = sourcecode.cpp.cpp; path = 2577.cpp; sourceTree = "<group>"; };
		A52E85F12615FC1500AB2907 /* Xcode_First */ = {isa = PBXFileReference; explicitFileType = "compiled.mach-o.executable"; includeInIndex = 0; path = Xcode_First; sourceTree = BUILT_PRODUCTS_DIR; };
		A52E85F42615FC1500AB2907 /* main.cpp */ = {isa = PBXFileReference; lastKnownFileType = sourcecode.cpp.cpp; path = main.cpp; sourceTree = "<group>"; };
		A5301DC9262D910200E686A6 /* 10250.cpp */ = {isa = PBXFileReference; lastKnownFileType = sourcecode.cpp.cpp; path = 10250.cpp; sourceTree = "<group>"; };
		A531C809263C938200B5A05F /* 3053.cpp */ = {isa = PBXFileReference; lastKnownFileType = sourcecode.cpp.cpp; path = 3053.cpp; sourceTree = "<group>"; };
		A557510C261B212B002CBFF7 /* 1712.cpp */ = {isa = PBXFileReference; lastKnownFileType = sourcecode.cpp.cpp; path = 1712.cpp; sourceTree = "<group>"; };
		A5575110261B4863002CBFF7 /* 1546.cpp */ = {isa = PBXFileReference; lastKnownFileType = sourcecode.cpp.cpp; path = 1546.cpp; sourceTree = "<group>"; };
		A55752F6263F15000082A1BE /* 7568_보고품.cpp */ = {isa = PBXFileReference; lastKnownFileType = sourcecode.cpp.cpp; path = "7568_보고품.cpp"; sourceTree = "<group>"; };
		A56357842625E8CA0059F297 /* 8958.cpp */ = {isa = PBXFileReference; lastKnownFileType = sourcecode.cpp.cpp; path = 8958.cpp; sourceTree = "<group>"; };
		A5694BC3261CE5E50062BA33 /* 2839.cpp */ = {isa = PBXFileReference; lastKnownFileType = sourcecode.cpp.cpp; path = 2839.cpp; sourceTree = "<group>"; };
		A573C1FD262398C80066A54E /* 1260.cpp */ = {isa = PBXFileReference; lastKnownFileType = sourcecode.cpp.cpp; path = 1260.cpp; sourceTree = "<group>"; };
		A573C20126245C380066A54E /* 1157.cpp */ = {isa = PBXFileReference; lastKnownFileType = sourcecode.cpp.cpp; path = 1157.cpp; sourceTree = "<group>"; };
		A59816CB263AB2390074B581 /* 9020.cpp */ = {isa = PBXFileReference; lastKnownFileType = sourcecode.cpp.cpp; path = 9020.cpp; sourceTree = "<group>"; };
		A59816CD263AB64B0074B581 /* 1085.cpp */ = {isa = PBXFileReference; lastKnownFileType = sourcecode.cpp.cpp; path = 1085.cpp; sourceTree = "<group>"; };
		A59816CF263AC80E0074B581 /* 3009.cpp */ = {isa = PBXFileReference; lastKnownFileType = sourcecode.cpp.cpp; path = 3009.cpp; sourceTree = "<group>"; };
		A59816D1263ACFA50074B581 /* 4153.cpp */ = {isa = PBXFileReference; lastKnownFileType = sourcecode.cpp.cpp; path = 4153.cpp; sourceTree = "<group>"; };
		A59BB879263C9EF2009773B0 /* 10872.cpp */ = {isa = PBXFileReference; lastKnownFileType = sourcecode.cpp.cpp; path = 10872.cpp; sourceTree = "<group>"; };
		A59BB87B263CA3FC009773B0 /* 10870.cpp */ = {isa = PBXFileReference; lastKnownFileType = sourcecode.cpp.cpp; path = 10870.cpp; sourceTree = "<group>"; };
		A59BB87D263CE1F4009773B0 /* 2447.cpp */ = {isa = PBXFileReference; lastKnownFileType = sourcecode.cpp.cpp; path = 2447.cpp; sourceTree = "<group>"; };
		A59BB87F263D1BE4009773B0 /* 11729_보고품.cpp */ = {isa = PBXFileReference; lastKnownFileType = sourcecode.cpp.cpp; path = "11729_보고품.cpp"; sourceTree = "<group>"; };
		A59BB881263D1EB1009773B0 /* 2798.cpp */ = {isa = PBXFileReference; lastKnownFileType = sourcecode.cpp.cpp; path = 2798.cpp; sourceTree = "<group>"; };
		A59BB883263D2A8D009773B0 /* 2231.cpp */ = {isa = PBXFileReference; lastKnownFileType = sourcecode.cpp.cpp; path = 2231.cpp; sourceTree = "<group>"; };
		A5A1F638261F1E3400DE1AF8 /* Algorithm.cpp */ = {isa = PBXFileReference; lastKnownFileType = sourcecode.cpp.cpp; path = Algorithm.cpp; sourceTree = "<group>"; };
		A5A1F643261F267400DE1AF8 /* 2751.cpp */ = {isa = PBXFileReference; lastKnownFileType = sourcecode.cpp.cpp; path = 2751.cpp; sourceTree = "<group>"; };
		A5A1F647261F27B700DE1AF8 /* 1152.cpp */ = {isa = PBXFileReference; lastKnownFileType = sourcecode.cpp.cpp; path = 1152.cpp; sourceTree = "<group>"; };
		A5A4A570262C697A00D1B274 /* 2869.cpp */ = {isa = PBXFileReference; lastKnownFileType = sourcecode.cpp.cpp; path = 2869.cpp; sourceTree = "<group>"; };
		A5C5188226270B78002DBB62 /* 15596.cpp */ = {isa = PBXFileReference; lastKnownFileType = sourcecode.cpp.cpp; path = 15596.cpp; sourceTree = "<group>"; };
		A5C51886262723E8002DBB62 /* 4673_다시.cpp */ = {isa = PBXFileReference; lastKnownFileType = sourcecode.cpp.cpp; path = "4673_다시.cpp"; sourceTree = "<group>"; };
		A5CD4813262875C200DDD050 /* 1065.cpp */ = {isa = PBXFileReference; lastKnownFileType = sourcecode.cpp.cpp; path = 1065.cpp; sourceTree = "<group>"; };
		A5CD48172628858000DDD050 /* 10809.cpp */ = {isa = PBXFileReference; lastKnownFileType = sourcecode.cpp.cpp; path = 10809.cpp; sourceTree = "<group>"; };
/* End PBXFileReference section */

/* Begin PBXFrameworksBuildPhase section */
		A5257DB8261AE19900CCF021 /* Frameworks */ = {
			isa = PBXFrameworksBuildPhase;
			buildActionMask = 2147483647;
			files = (
			);
			runOnlyForDeploymentPostprocessing = 0;
		};
		A52E85EE2615FC1500AB2907 /* Frameworks */ = {
			isa = PBXFrameworksBuildPhase;
			buildActionMask = 2147483647;
			files = (
			);
			runOnlyForDeploymentPostprocessing = 0;
		};
/* End PBXFrameworksBuildPhase section */

/* Begin PBXGroup section */
		A5257DBC261AE19900CCF021 /* Temp_Main */ = {
			isa = PBXGroup;
			children = (
				A5257DBD261AE19900CCF021 /* main.cpp */,
				A5A1F638261F1E3400DE1AF8 /* Algorithm.cpp */,
			);
			path = Temp_Main;
			sourceTree = "<group>";
		};
		A5257DCC261AE29900CCF021 /* C++ */ = {
			isa = PBXGroup;
			children = (
				A5257DAE261AD39600CCF021 /* test.cpp */,
			);
			path = "C++";
			sourceTree = "<group>";
		};
		A5257DCE261AE2A700CCF021 /* BAEKJOON */ = {
			isa = PBXGroup;
			children = (
				A5257DB4261AE09700CCF021 /* 15552.cpp */,
				A5257DD1261AE68C00CCF021 /* 1110.cpp */,
				A5257DD5261AE75F00CCF021 /* 11022.cpp */,
				A5257DD9261AEE2D00CCF021 /* 4344.cpp */,
				A5257DDD261B199A00CCF021 /* 2577.cpp */,
				A557510C261B212B002CBFF7 /* 1712.cpp */,
				A5575110261B4863002CBFF7 /* 1546.cpp */,
				A5694BC3261CE5E50062BA33 /* 2839.cpp */,
				A5A1F643261F267400DE1AF8 /* 2751.cpp */,
				A5A1F647261F27B700DE1AF8 /* 1152.cpp */,
				A5134B552620796E00C3867C /* 3052.cpp */,
				A51F5FF526233C8A007A8EC0 /* 11720.cpp */,
				A573C1FD262398C80066A54E /* 1260.cpp */,
				A573C20126245C380066A54E /* 1157.cpp */,
				A56357842625E8CA0059F297 /* 8958.cpp */,
				A5C5188226270B78002DBB62 /* 15596.cpp */,
				A5C51886262723E8002DBB62 /* 4673_다시.cpp */,
				A5CD4813262875C200DDD050 /* 1065.cpp */,
				A5CD48172628858000DDD050 /* 10809.cpp */,
				A52188D02629AA100091849C /* 2675.cpp */,
				A51E9A42262A7FD600048710 /* 2941.cpp */,
				A51E9A46262ACEC600048710 /* 1316.cpp */,
				A51E9A4A262AD4A100048710 /* 2292.cpp */,
				A51E9A4E262AE26900048710 /* 1193.cpp */,
				A5A4A570262C697A00D1B274 /* 2869.cpp */,
				A5301DC9262D910200E686A6 /* 10250.cpp */,
				A5140148262EE9EF00AFE542 /* 2775_다시.cpp */,
				A51E696E26303EB600D8D143 /* 10757.cpp */,
				A523762A2632EF8D00E4D20A /* 1011.cpp */,
				A523762E2632F55300E4D20A /* 1978.cpp */,
				A518EC4726366160004AFC3E /* 2581.cpp */,
				A518EC4B26366AE9004AFC3E /* 11653.cpp */,
				A50E441E2638152700EE9A09 /* 1929.cpp */,
				A50E4422263835E000EE9A09 /* 4948_런타임오류남.cpp */,
				A59816CB263AB2390074B581 /* 9020.cpp */,
				A59816CD263AB64B0074B581 /* 1085.cpp */,
				A59816CF263AC80E0074B581 /* 3009.cpp */,
				A59816D1263ACFA50074B581 /* 4153.cpp */,
				A531C809263C938200B5A05F /* 3053.cpp */,
				A59BB879263C9EF2009773B0 /* 10872.cpp */,
				A59BB87B263CA3FC009773B0 /* 10870.cpp */,
				A59BB87D263CE1F4009773B0 /* 2447.cpp */,
				A59BB87F263D1BE4009773B0 /* 11729_보고품.cpp */,
				A59BB881263D1EB1009773B0 /* 2798.cpp */,
				A59BB883263D2A8D009773B0 /* 2231.cpp */,
				A55752F6263F15000082A1BE /* 7568_보고품.cpp */,
			);
			path = BAEKJOON;
			sourceTree = "<group>";
		};
		A52E85E82615FC1500AB2907 = {
			isa = PBXGroup;
			children = (
				A5257DBC261AE19900CCF021 /* Temp_Main */,
				A52E85F32615FC1500AB2907 /* Xcode_First */,
				A52E85F22615FC1500AB2907 /* Products */,
			);
			sourceTree = "<group>";
		};
		A52E85F22615FC1500AB2907 /* Products */ = {
			isa = PBXGroup;
			children = (
				A52E85F12615FC1500AB2907 /* Xcode_First */,
				A5257DBB261AE19900CCF021 /* Temp_Main */,
			);
			name = Products;
			sourceTree = "<group>";
		};
		A52E85F32615FC1500AB2907 /* Xcode_First */ = {
			isa = PBXGroup;
			children = (
				A52E85F42615FC1500AB2907 /* main.cpp */,
				A5257DCE261AE2A700CCF021 /* BAEKJOON */,
				A5257DCC261AE29900CCF021 /* C++ */,
			);
			path = Xcode_First;
			sourceTree = "<group>";
		};
/* End PBXGroup section */

/* Begin PBXNativeTarget section */
		A5257DBA261AE19900CCF021 /* Temp_Main */ = {
			isa = PBXNativeTarget;
			buildConfigurationList = A5257DBF261AE19900CCF021 /* Build configuration list for PBXNativeTarget "Temp_Main" */;
			buildPhases = (
				A5257DB7261AE19900CCF021 /* Sources */,
				A5257DB8261AE19900CCF021 /* Frameworks */,
				A5257DB9261AE19900CCF021 /* CopyFiles */,
			);
			buildRules = (
			);
			dependencies = (
			);
			name = Temp_Main;
			productName = Temp_Main;
			productReference = A5257DBB261AE19900CCF021 /* Temp_Main */;
			productType = "com.apple.product-type.tool";
		};
		A52E85F02615FC1500AB2907 /* Xcode_First */ = {
			isa = PBXNativeTarget;
			buildConfigurationList = A52E85F82615FC1500AB2907 /* Build configuration list for PBXNativeTarget "Xcode_First" */;
			buildPhases = (
				A52E85ED2615FC1500AB2907 /* Sources */,
				A52E85EE2615FC1500AB2907 /* Frameworks */,
				A52E85EF2615FC1500AB2907 /* CopyFiles */,
			);
			buildRules = (
			);
			dependencies = (
			);
			name = Xcode_First;
			productName = Xcode_First;
			productReference = A52E85F12615FC1500AB2907 /* Xcode_First */;
			productType = "com.apple.product-type.tool";
		};
/* End PBXNativeTarget section */

/* Begin PBXProject section */
		A52E85E92615FC1500AB2907 /* Project object */ = {
			isa = PBXProject;
			attributes = {
				LastUpgradeCheck = 1240;
				TargetAttributes = {
					A5257DBA261AE19900CCF021 = {
						CreatedOnToolsVersion = 12.4;
					};
					A52E85F02615FC1500AB2907 = {
						CreatedOnToolsVersion = 12.4;
					};
				};
			};
			buildConfigurationList = A52E85EC2615FC1500AB2907 /* Build configuration list for PBXProject "Xcode_First" */;
			compatibilityVersion = "Xcode 9.3";
			developmentRegion = en;
			hasScannedForEncodings = 0;
			knownRegions = (
				en,
				Base,
			);
			mainGroup = A52E85E82615FC1500AB2907;
			productRefGroup = A52E85F22615FC1500AB2907 /* Products */;
			projectDirPath = "";
			projectRoot = "";
			targets = (
				A52E85F02615FC1500AB2907 /* Xcode_First */,
				A5257DBA261AE19900CCF021 /* Temp_Main */,
			);
		};
/* End PBXProject section */

/* Begin PBXSourcesBuildPhase section */
		A5257DB7261AE19900CCF021 /* Sources */ = {
			isa = PBXSourcesBuildPhase;
			buildActionMask = 2147483647;
			files = (
				A5257DBE261AE19900CCF021 /* main.cpp in Sources */,
				A5A1F63A261F1E3400DE1AF8 /* Algorithm.cpp in Sources */,
			);
			runOnlyForDeploymentPostprocessing = 0;
		};
		A52E85ED2615FC1500AB2907 /* Sources */ = {
			isa = PBXSourcesBuildPhase;
			buildActionMask = 2147483647;
			files = (
				A51E9A4F262AE26900048710 /* 1193.cpp in Sources */,
				A5575111261B4863002CBFF7 /* 1546.cpp in Sources */,
				A5A1F644261F267400DE1AF8 /* 2751.cpp in Sources */,
				A55752F7263F15000082A1BE /* 7568_보고품.cpp in Sources */,
				A5C51887262723E8002DBB62 /* 4673_다시.cpp in Sources */,
				A518EC4C26366AE9004AFC3E /* 11653.cpp in Sources */,
				A5301DCA262D910200E686A6 /* 10250.cpp in Sources */,
				A573C1FE262398C80066A54E /* 1260.cpp in Sources */,
				A51E9A4B262AD4A100048710 /* 2292.cpp in Sources */,
				A5A4A571262C697A00D1B274 /* 2869.cpp in Sources */,
				A50E441F2638152700EE9A09 /* 1929.cpp in Sources */,
				A5257DDA261AEE2D00CCF021 /* 4344.cpp in Sources */,
				A59816CE263AB64B0074B581 /* 1085.cpp in Sources */,
				A5257DD6261AE75F00CCF021 /* 11022.cpp in Sources */,
				A523762B2632EF8D00E4D20A /* 1011.cpp in Sources */,
				A59816D2263ACFA50074B581 /* 4153.cpp in Sources */,
				A51E696F26303EB600D8D143 /* 10757.cpp in Sources */,
				A5CD4814262875C200DDD050 /* 1065.cpp in Sources */,
				A5C5188326270B78002DBB62 /* 15596.cpp in Sources */,
				A51F5FF626233C8A007A8EC0 /* 11720.cpp in Sources */,
				A531C80A263C938200B5A05F /* 3053.cpp in Sources */,
				A518EC4826366160004AFC3E /* 2581.cpp in Sources */,
				A50E4423263835E000EE9A09 /* 4948_런타임오류남.cpp in Sources */,
				A51E9A43262A7FD600048710 /* 2941.cpp in Sources */,
				A5257DD2261AE68C00CCF021 /* 1110.cpp in Sources */,
				A5257DC8261AE24000CCF021 /* 15552.cpp in Sources */,
				A523762F2632F55300E4D20A /* 1978.cpp in Sources */,
				A56357852625E8CA0059F297 /* 8958.cpp in Sources */,
				A59BB884263D2A8D009773B0 /* 2231.cpp in Sources */,
				A51E9A47262ACEC600048710 /* 1316.cpp in Sources */,
				A59BB87C263CA3FC009773B0 /* 10870.cpp in Sources */,
				A5A1F648261F27B700DE1AF8 /* 1152.cpp in Sources */,
				A59816D0263AC80E0074B581 /* 3009.cpp in Sources */,
				A59BB880263D1BE4009773B0 /* 11729_보고품.cpp in Sources */,
				A557510D261B212B002CBFF7 /* 1712.cpp in Sources */,
				A5134B562620796E00C3867C /* 3052.cpp in Sources */,
				A52E85F52615FC1500AB2907 /* main.cpp in Sources */,
				A5257DDE261B199A00CCF021 /* 2577.cpp in Sources */,
				A5140149262EE9EF00AFE542 /* 2775_다시.cpp in Sources */,
				A5257DC9261AE24000CCF021 /* test.cpp in Sources */,
				A573C20226245C380066A54E /* 1157.cpp in Sources */,
				A59BB882263D1EB1009773B0 /* 2798.cpp in Sources */,
				A5CD48182628858000DDD050 /* 10809.cpp in Sources */,
				A59816CC263AB2390074B581 /* 9020.cpp in Sources */,
				A5694BC4261CE5E50062BA33 /* 2839.cpp in Sources */,
				A59BB87A263C9EF2009773B0 /* 10872.cpp in Sources */,
				A59BB87E263CE1F4009773B0 /* 2447.cpp in Sources */,
				A52188D12629AA100091849C /* 2675.cpp in Sources */,
			);
			runOnlyForDeploymentPostprocessing = 0;
		};
/* End PBXSourcesBuildPhase section */

/* Begin XCBuildConfiguration section */
		A5257DC0261AE19900CCF021 /* Debug */ = {
			isa = XCBuildConfiguration;
			buildSettings = {
				CODE_SIGN_STYLE = Automatic;
				DEVELOPMENT_TEAM = D73P27WJ9D;
				ENABLE_HARDENED_RUNTIME = YES;
				PRODUCT_NAME = "$(TARGET_NAME)";
			};
			name = Debug;
		};
		A5257DC1261AE19900CCF021 /* Release */ = {
			isa = XCBuildConfiguration;
			buildSettings = {
				CODE_SIGN_STYLE = Automatic;
				DEVELOPMENT_TEAM = D73P27WJ9D;
				ENABLE_HARDENED_RUNTIME = YES;
				PRODUCT_NAME = "$(TARGET_NAME)";
			};
			name = Release;
		};
		A52E85F62615FC1500AB2907 /* Debug */ = {
			isa = XCBuildConfiguration;
			buildSettings = {
				ALWAYS_SEARCH_USER_PATHS = NO;
				CLANG_ANALYZER_NONNULL = YES;
				CLANG_ANALYZER_NUMBER_OBJECT_CONVERSION = YES_AGGRESSIVE;
				CLANG_CXX_LANGUAGE_STANDARD = "gnu++14";
				CLANG_CXX_LIBRARY = "libc++";
				CLANG_ENABLE_MODULES = YES;
				CLANG_ENABLE_OBJC_ARC = YES;
				CLANG_ENABLE_OBJC_WEAK = YES;
				CLANG_WARN_BLOCK_CAPTURE_AUTORELEASING = YES;
				CLANG_WARN_BOOL_CONVERSION = YES;
				CLANG_WARN_COMMA = YES;
				CLANG_WARN_CONSTANT_CONVERSION = YES;
				CLANG_WARN_DEPRECATED_OBJC_IMPLEMENTATIONS = YES;
				CLANG_WARN_DIRECT_OBJC_ISA_USAGE = YES_ERROR;
				CLANG_WARN_DOCUMENTATION_COMMENTS = YES;
				CLANG_WARN_EMPTY_BODY = YES;
				CLANG_WARN_ENUM_CONVERSION = YES;
				CLANG_WARN_INFINITE_RECURSION = YES;
				CLANG_WARN_INT_CONVERSION = YES;
				CLANG_WARN_NON_LITERAL_NULL_CONVERSION = YES;
				CLANG_WARN_OBJC_IMPLICIT_RETAIN_SELF = YES;
				CLANG_WARN_OBJC_LITERAL_CONVERSION = YES;
				CLANG_WARN_OBJC_ROOT_CLASS = YES_ERROR;
				CLANG_WARN_QUOTED_INCLUDE_IN_FRAMEWORK_HEADER = YES;
				CLANG_WARN_RANGE_LOOP_ANALYSIS = YES;
				CLANG_WARN_STRICT_PROTOTYPES = YES;
				CLANG_WARN_SUSPICIOUS_MOVE = YES;
				CLANG_WARN_UNGUARDED_AVAILABILITY = YES_AGGRESSIVE;
				CLANG_WARN_UNREACHABLE_CODE = YES;
				CLANG_WARN__DUPLICATE_METHOD_MATCH = YES;
				COPY_PHASE_STRIP = NO;
				DEBUG_INFORMATION_FORMAT = dwarf;
				ENABLE_STRICT_OBJC_MSGSEND = YES;
				ENABLE_TESTABILITY = YES;
				GCC_C_LANGUAGE_STANDARD = gnu11;
				GCC_DYNAMIC_NO_PIC = NO;
				GCC_NO_COMMON_BLOCKS = YES;
				GCC_OPTIMIZATION_LEVEL = 0;
				GCC_PREPROCESSOR_DEFINITIONS = (
					"DEBUG=1",
					"$(inherited)",
				);
				GCC_WARN_64_TO_32_BIT_CONVERSION = YES;
				GCC_WARN_ABOUT_RETURN_TYPE = YES_ERROR;
				GCC_WARN_UNDECLARED_SELECTOR = YES;
				GCC_WARN_UNINITIALIZED_AUTOS = YES_AGGRESSIVE;
				GCC_WARN_UNUSED_FUNCTION = YES;
				GCC_WARN_UNUSED_VARIABLE = YES;
				MACOSX_DEPLOYMENT_TARGET = 11.1;
				MTL_ENABLE_DEBUG_INFO = INCLUDE_SOURCE;
				MTL_FAST_MATH = YES;
				ONLY_ACTIVE_ARCH = YES;
				SDKROOT = macosx;
			};
			name = Debug;
		};
		A52E85F72615FC1500AB2907 /* Release */ = {
			isa = XCBuildConfiguration;
			buildSettings = {
				ALWAYS_SEARCH_USER_PATHS = NO;
				CLANG_ANALYZER_NONNULL = YES;
				CLANG_ANALYZER_NUMBER_OBJECT_CONVERSION = YES_AGGRESSIVE;
				CLANG_CXX_LANGUAGE_STANDARD = "gnu++14";
				CLANG_CXX_LIBRARY = "libc++";
				CLANG_ENABLE_MODULES = YES;
				CLANG_ENABLE_OBJC_ARC = YES;
				CLANG_ENABLE_OBJC_WEAK = YES;
				CLANG_WARN_BLOCK_CAPTURE_AUTORELEASING = YES;
				CLANG_WARN_BOOL_CONVERSION = YES;
				CLANG_WARN_COMMA = YES;
				CLANG_WARN_CONSTANT_CONVERSION = YES;
				CLANG_WARN_DEPRECATED_OBJC_IMPLEMENTATIONS = YES;
				CLANG_WARN_DIRECT_OBJC_ISA_USAGE = YES_ERROR;
				CLANG_WARN_DOCUMENTATION_COMMENTS = YES;
				CLANG_WARN_EMPTY_BODY = YES;
				CLANG_WARN_ENUM_CONVERSION = YES;
				CLANG_WARN_INFINITE_RECURSION = YES;
				CLANG_WARN_INT_CONVERSION = YES;
				CLANG_WARN_NON_LITERAL_NULL_CONVERSION = YES;
				CLANG_WARN_OBJC_IMPLICIT_RETAIN_SELF = YES;
				CLANG_WARN_OBJC_LITERAL_CONVERSION = YES;
				CLANG_WARN_OBJC_ROOT_CLASS = YES_ERROR;
				CLANG_WARN_QUOTED_INCLUDE_IN_FRAMEWORK_HEADER = YES;
				CLANG_WARN_RANGE_LOOP_ANALYSIS = YES;
				CLANG_WARN_STRICT_PROTOTYPES = YES;
				CLANG_WARN_SUSPICIOUS_MOVE = YES;
				CLANG_WARN_UNGUARDED_AVAILABILITY = YES_AGGRESSIVE;
				CLANG_WARN_UNREACHABLE_CODE = YES;
				CLANG_WARN__DUPLICATE_METHOD_MATCH = YES;
				COPY_PHASE_STRIP = NO;
				DEBUG_INFORMATION_FORMAT = "dwarf-with-dsym";
				ENABLE_NS_ASSERTIONS = NO;
				ENABLE_STRICT_OBJC_MSGSEND = YES;
				GCC_C_LANGUAGE_STANDARD = gnu11;
				GCC_NO_COMMON_BLOCKS = YES;
				GCC_WARN_64_TO_32_BIT_CONVERSION = YES;
				GCC_WARN_ABOUT_RETURN_TYPE = YES_ERROR;
				GCC_WARN_UNDECLARED_SELECTOR = YES;
				GCC_WARN_UNINITIALIZED_AUTOS = YES_AGGRESSIVE;
				GCC_WARN_UNUSED_FUNCTION = YES;
				GCC_WARN_UNUSED_VARIABLE = YES;
				MACOSX_DEPLOYMENT_TARGET = 11.1;
				MTL_ENABLE_DEBUG_INFO = NO;
				MTL_FAST_MATH = YES;
				SDKROOT = macosx;
			};
			name = Release;
		};
		A52E85F92615FC1500AB2907 /* Debug */ = {
			isa = XCBuildConfiguration;
			buildSettings = {
				CODE_SIGN_STYLE = Automatic;
				DEVELOPMENT_TEAM = D73P27WJ9D;
				ENABLE_HARDENED_RUNTIME = YES;
				PRODUCT_NAME = "$(TARGET_NAME)";
			};
			name = Debug;
		};
		A52E85FA2615FC1500AB2907 /* Release */ = {
			isa = XCBuildConfiguration;
			buildSettings = {
				CODE_SIGN_STYLE = Automatic;
				DEVELOPMENT_TEAM = D73P27WJ9D;
				ENABLE_HARDENED_RUNTIME = YES;
				PRODUCT_NAME = "$(TARGET_NAME)";
			};
			name = Release;
		};
/* End XCBuildConfiguration section */

/* Begin XCConfigurationList section */
		A5257DBF261AE19900CCF021 /* Build configuration list for PBXNativeTarget "Temp_Main" */ = {
			isa = XCConfigurationList;
			buildConfigurations = (
				A5257DC0261AE19900CCF021 /* Debug */,
				A5257DC1261AE19900CCF021 /* Release */,
			);
			defaultConfigurationIsVisible = 0;
			defaultConfigurationName = Release;
		};
		A52E85EC2615FC1500AB2907 /* Build configuration list for PBXProject "Xcode_First" */ = {
			isa = XCConfigurationList;
			buildConfigurations = (
				A52E85F62615FC1500AB2907 /* Debug */,
				A52E85F72615FC1500AB2907 /* Release */,
			);
			defaultConfigurationIsVisible = 0;
			defaultConfigurationName = Release;
		};
		A52E85F82615FC1500AB2907 /* Build configuration list for PBXNativeTarget "Xcode_First" */ = {
			isa = XCConfigurationList;
			buildConfigurations = (
				A52E85F92615FC1500AB2907 /* Debug */,
				A52E85FA2615FC1500AB2907 /* Release */,
			);
			defaultConfigurationIsVisible = 0;
			defaultConfigurationName = Release;
		};
/* End XCConfigurationList section */
	};
	rootObject = A52E85E92615FC1500AB2907 /* Project object */;
}
